
Microsoft Visual Studio Solution File, Format Version 12.00
# Visual Studio Version 17
VisualStudioVersion = 17.14.36705.20 d17.14
MinimumVisualStudioVersion = 10.0.40219.1
Project("{8BC9CEB8-8B4A-11D0-8D11-00A0C91BC942}") = "程序环境和预处理", "程序环境和预处理\程序环境和预处理.vcxproj", "{4DE3CBF3-1B4C-482A-8EDE-493F15F3FEE3}"
EndProject
Global
	GlobalSection(SolutionConfigurationPlatforms) = preSolution
		Debug|x64 = Debug|x64
		Debug|x86 = Debug|x86
		Release|x64 = Release|x64
		Release|x86 = Release|x86
	EndGlobalSection
	GlobalSection(ProjectConfigurationPlatforms) = postSolution
		{4DE3CBF3-1B4C-482A-8EDE-493F15F3FEE3}.Debug|x64.ActiveCfg = Debug|x64
		{4DE3CBF3-1B4C-482A-8EDE-493F15F3FEE3}.Debug|x64.Build.0 = Debug|x64
		{4DE3CBF3-1B4C-482A-8EDE-493F15F3FEE3}.Debug|x86.ActiveCfg = Debug|Win32
		{4DE3CBF3-1B4C-482A-8EDE-493F15F3FEE3}.Debug|x86.Build.0 = Debug|Win32
		{4DE3CBF3-1B4C-482A-8EDE-493F15F3FEE3}.Release|x64.ActiveCfg = Release|x64
		{4DE3CBF3-1B4C-482A-8EDE-493F15F3FEE3}.Release|x64.Build.0 = Release|x64
		{4DE3CBF3-1B4C-482A-8EDE-493F15F3FEE3}.Release|x86.ActiveCfg = Release|Win32
		{4DE3CBF3-1B4C-482A-8EDE-493F15F3FEE3}.Release|x86.Build.0 = Release|Win32
	EndGlobalSection
	GlobalSection(SolutionProperties) = preSolution
		HideSolutionNode = FALSE
	EndGlobalSection
	GlobalSection(ExtensibilityGlobals) = postSolution
		SolutionGuid = {0A7FB42E-F41A-46AF-942B-C9B10AB018BA}
	EndGlobalSection
EndGlobal
